
Microsoft Visual Studio Solution File, Format Version 12.00
# Visual Studio 15
VisualStudioVersion = 15.0.27130.2020
MinimumVisualStudioVersion = 10.0.40219.1
Project("{8BC9CEB8-8B4A-11D0-8D11-00A0C91BC942}") = "Elephant", "CST126SRS03\CST126SRS03.vcxproj", "{C440EE3F-D582-4410-8662-500FC38565B5}"
EndProject
Project("{2150E333-8FDC-42A3-9474-1A3956D46DE8}") = "Solution Items", "Solution Items", "{37847B7E-54C1-47B7-B673-E37EA9F73EDA}"
	ProjectSection(SolutionItems) = preProject
		README.md = README.md
	EndProjectSection
EndProject
Global
	GlobalSection(SolutionConfigurationPlatforms) = preSolution
		Debug|x64 = Debug|x64
		Debug|x86 = Debug|x86
		Release|x64 = Release|x64
		Release|x86 = Release|x86
	EndGlobalSection
	GlobalSection(ProjectConfigurationPlatforms) = postSolution
		{C440EE3F-D582-4410-8662-500FC38565B5}.Debug|x64.ActiveCfg = Debug|x64
		{C440EE3F-D582-4410-8662-500FC38565B5}.Debug|x64.Build.0 = Debug|x64
		{C440EE3F-D582-4410-8662-500FC38565B5}.Debug|x86.ActiveCfg = Debug|Win32
		{C440EE3F-D582-4410-8662-500FC38565B5}.Debug|x86.Build.0 = Debug|Win32
		{C440EE3F-D582-4410-8662-500FC38565B5}.Release|x64.ActiveCfg = Release|x64
		{C440EE3F-D582-4410-8662-500FC38565B5}.Release|x64.Build.0 = Release|x64
		{C440EE3F-D582-4410-8662-500FC38565B5}.Release|x86.ActiveCfg = Release|Win32
		{C440EE3F-D582-4410-8662-500FC38565B5}.Release|x86.Build.0 = Release|Win32
	EndGlobalSection
	GlobalSection(SolutionProperties) = preSolution
		HideSolutionNode = FALSE
	EndGlobalSection
	GlobalSection(ExtensibilityGlobals) = postSolution
		SolutionGuid = {E185FA5C-38BC-49AC-B0E3-327C8EA8F44E}
	EndGlobalSection
EndGlobal
